// !$*UTF8*$!
{
	archiveVersion = 1;
	classes = {
	};
	objectVersion = 55;
	objects = {

/* Begin PBXBuildFile section */
		EE3D65AD26FF6E4300C7DF27 /* PokecardsApp.swift in Sources */ = {isa = PBXBuildFile; fileRef = EE3D65AC26FF6E4300C7DF27 /* PokecardsApp.swift */; };
		EE3D65AF26FF6E4300C7DF27 /* ContentView.swift in Sources */ = {isa = PBXBuildFile; fileRef = EE3D65AE26FF6E4300C7DF27 /* ContentView.swift */; };
		EE3D65B126FF6E4500C7DF27 /* Assets.xcassets in Resources */ = {isa = PBXBuildFile; fileRef = EE3D65B026FF6E4500C7DF27 /* Assets.xcassets */; };
		EE3D65B426FF6E4500C7DF27 /* Preview Assets.xcassets in Resources */ = {isa = PBXBuildFile; fileRef = EE3D65B326FF6E4500C7DF27 /* Preview Assets.xcassets */; };
		EE3D65BE26FF724600C7DF27 /* PokeCardView.swift in Sources */ = {isa = PBXBuildFile; fileRef = EE3D65BD26FF724600C7DF27 /* PokeCardView.swift */; };
		EE3D65C026FF74EE00C7DF27 /* PokemonCardItemView.swift in Sources */ = {isa = PBXBuildFile; fileRef = EE3D65BF26FF74EE00C7DF27 /* PokemonCardItemView.swift */; };
		EE3D65C326FF768700C7DF27 /* Kingfisher in Frameworks */ = {isa = PBXBuildFile; productRef = EE3D65C226FF768700C7DF27 /* Kingfisher */; };
		EE3D65C526FF790F00C7DF27 /* PokemonCard.swift in Sources */ = {isa = PBXBuildFile; fileRef = EE3D65C426FF790F00C7DF27 /* PokemonCard.swift */; };
		EE3D65C726FF86B200C7DF27 /* PokemonCardViewModel.swift in Sources */ = {isa = PBXBuildFile; fileRef = EE3D65C626FF86B200C7DF27 /* PokemonCardViewModel.swift */; };
		EE3D65CB26FF881700C7DF27 /* PokemonCardApiResponse.swift in Sources */ = {isa = PBXBuildFile; fileRef = EE3D65CA26FF881700C7DF27 /* PokemonCardApiResponse.swift */; };
/* End PBXBuildFile section */

/* Begin PBXFileReference section */
		EE3D65A926FF6E4300C7DF27 /* Pokecards.app */ = {isa = PBXFileReference; explicitFileType = wrapper.application; includeInIndex = 0; path = Pokecards.app; sourceTree = BUILT_PRODUCTS_DIR; };
		EE3D65AC26FF6E4300C7DF27 /* PokecardsApp.swift */ = {isa = PBXFileReference; lastKnownFileType = sourcecode.swift; path = PokecardsApp.swift; sourceTree = "<group>"; };
		EE3D65AE26FF6E4300C7DF27 /* ContentView.swift */ = {isa = PBXFileReference; lastKnownFileType = sourcecode.swift; path = ContentView.swift; sourceTree = "<group>"; };
		EE3D65B026FF6E4500C7DF27 /* Assets.xcassets */ = {isa = PBXFileReference; lastKnownFileType = folder.assetcatalog; path = Assets.xcassets; sourceTree = "<group>"; };
		EE3D65B326FF6E4500C7DF27 /* Preview Assets.xcassets */ = {isa = PBXFileReference; lastKnownFileType = folder.assetcatalog; path = "Preview Assets.xcassets"; sourceTree = "<group>"; };
		EE3D65BD26FF724600C7DF27 /* PokeCardView.swift */ = {isa = PBXFileReference; lastKnownFileType = sourcecode.swift; path = PokeCardView.swift; sourceTree = "<group>"; };
		EE3D65BF26FF74EE00C7DF27 /* PokemonCardItemView.swift */ = {isa = PBXFileReference; lastKnownFileType = sourcecode.swift; path = PokemonCardItemView.swift; sourceTree = "<group>"; };
		EE3D65C426FF790F00C7DF27 /* PokemonCard.swift */ = {isa = PBXFileReference; lastKnownFileType = sourcecode.swift; path = PokemonCard.swift; sourceTree = "<group>"; };
		EE3D65C626FF86B200C7DF27 /* PokemonCardViewModel.swift */ = {isa = PBXFileReference; lastKnownFileType = sourcecode.swift; path = PokemonCardViewModel.swift; sourceTree = "<group>"; };
		EE3D65CA26FF881700C7DF27 /* PokemonCardApiResponse.swift */ = {isa = PBXFileReference; lastKnownFileType = sourcecode.swift; path = PokemonCardApiResponse.swift; sourceTree = "<group>"; };
/* End PBXFileReference section */

/* Begin PBXFrameworksBuildPhase section */
		EE3D65A626FF6E4300C7DF27 /* Frameworks */ = {
			isa = PBXFrameworksBuildPhase;
			buildActionMask = 2147483647;
			files = (
				EE3D65C326FF768700C7DF27 /* Kingfisher in Frameworks */,
			);
			runOnlyForDeploymentPostprocessing = 0;
		};
/* End PBXFrameworksBuildPhase section */

/* Begin PBXGroup section */
		EE3D65A026FF6E4300C7DF27 = {
			isa = PBXGroup;
			children = (
				EE3D65AB26FF6E4300C7DF27 /* Pokecards */,
				EE3D65AA26FF6E4300C7DF27 /* Products */,
			);
			sourceTree = "<group>";
		};
		EE3D65AA26FF6E4300C7DF27 /* Products */ = {
			isa = PBXGroup;
			children = (
				EE3D65A926FF6E4300C7DF27 /* Pokecards.app */,
			);
			name = Products;
			sourceTree = "<group>";
		};
		EE3D65AB26FF6E4300C7DF27 /* Pokecards */ = {
			isa = PBXGroup;
			children = (
				EE3D65BC26FF6FA500C7DF27 /* Model */,
				EE3D65BB26FF6F8F00C7DF27 /* ViewModel */,
				EE3D65BA26FF6F7C00C7DF27 /* View */,
				EE3D65AC26FF6E4300C7DF27 /* PokecardsApp.swift */,
				EE3D65AE26FF6E4300C7DF27 /* ContentView.swift */,
				EE3D65B026FF6E4500C7DF27 /* Assets.xcassets */,
				EE3D65B226FF6E4500C7DF27 /* Preview Content */,
			);
			path = Pokecards;
			sourceTree = "<group>";
		};
		EE3D65B226FF6E4500C7DF27 /* Preview Content */ = {
			isa = PBXGroup;
			children = (
				EE3D65B326FF6E4500C7DF27 /* Preview Assets.xcassets */,
			);
			path = "Preview Content";
			sourceTree = "<group>";
		};
		EE3D65BA26FF6F7C00C7DF27 /* View */ = {
			isa = PBXGroup;
			children = (
				EE3D65BD26FF724600C7DF27 /* PokeCardView.swift */,
				EE3D65BF26FF74EE00C7DF27 /* PokemonCardItemView.swift */,
			);
			path = View;
			sourceTree = "<group>";
		};
		EE3D65BB26FF6F8F00C7DF27 /* ViewModel */ = {
			isa = PBXGroup;
			children = (
				EE3D65C626FF86B200C7DF27 /* PokemonCardViewModel.swift */,
			);
			path = ViewModel;
			sourceTree = "<group>";
		};
		EE3D65BC26FF6FA500C7DF27 /* Model */ = {
			isa = PBXGroup;
			children = (
				EE3D65C426FF790F00C7DF27 /* PokemonCard.swift */,
				EE3D65CA26FF881700C7DF27 /* PokemonCardApiResponse.swift */,
			);
			path = Model;
			sourceTree = "<group>";
		};
/* End PBXGroup section */

/* Begin PBXNativeTarget section */
		EE3D65A826FF6E4300C7DF27 /* Pokecards */ = {
			isa = PBXNativeTarget;
			buildConfigurationList = EE3D65B726FF6E4500C7DF27 /* Build configuration list for PBXNativeTarget "Pokecards" */;
			buildPhases = (
				EE3D65A526FF6E4300C7DF27 /* Sources */,
				EE3D65A626FF6E4300C7DF27 /* Frameworks */,
				EE3D65A726FF6E4300C7DF27 /* Resources */,
			);
			buildRules = (
			);
			dependencies = (
			);
			name = Pokecards;
			packageProductDependencies = (
				EE3D65C226FF768700C7DF27 /* Kingfisher */,
			);
			productName = Pokecards;
			productReference = EE3D65A926FF6E4300C7DF27 /* Pokecards.app */;
			productType = "com.apple.product-type.application";
		};
/* End PBXNativeTarget section */

/* Begin PBXProject section */
		EE3D65A126FF6E4300C7DF27 /* Project object */ = {
			isa = PBXProject;
			attributes = {
				BuildIndependentTargetsInParallel = 1;
				LastSwiftUpdateCheck = 1300;
				LastUpgradeCheck = 1300;
				TargetAttributes = {
					EE3D65A826FF6E4300C7DF27 = {
						CreatedOnToolsVersion = 13.0;
					};
				};
			};
			buildConfigurationList = EE3D65A426FF6E4300C7DF27 /* Build configuration list for PBXProject "Pokecards" */;
			compatibilityVersion = "Xcode 13.0";
			developmentRegion = en;
			hasScannedForEncodings = 0;
			knownRegions = (
				en,
				Base,
			);
			mainGroup = EE3D65A026FF6E4300C7DF27;
			packageReferences = (
				EE3D65C126FF768700C7DF27 /* XCRemoteSwiftPackageReference "Kingfisher" */,
			);
			productRefGroup = EE3D65AA26FF6E4300C7DF27 /* Products */;
			projectDirPath = "";
			projectRoot = "";
			targets = (
				EE3D65A826FF6E4300C7DF27 /* Pokecards */,
			);
		};
/* End PBXProject section */

/* Begin PBXResourcesBuildPhase section */
		EE3D65A726FF6E4300C7DF27 /* Resources */ = {
			isa = PBXResourcesBuildPhase;
			buildActionMask = 2147483647;
			files = (
				EE3D65B426FF6E4500C7DF27 /* Preview Assets.xcassets in Resources */,
				EE3D65B126FF6E4500C7DF27 /* Assets.xcassets in Resources */,
			);
			runOnlyForDeploymentPostprocessing = 0;
		};
/* End PBXResourcesBuildPhase section */

/* Begin PBXSourcesBuildPhase section */
		EE3D65A526FF6E4300C7DF27 /* Sources */ = {
			isa = PBXSourcesBuildPhase;
			buildActionMask = 2147483647;
			files = (
				EE3D65BE26FF724600C7DF27 /* PokeCardView.swift in Sources */,
				EE3D65C526FF790F00C7DF27 /* PokemonCard.swift in Sources */,
				EE3D65C026FF74EE00C7DF27 /* PokemonCardItemView.swift in Sources */,
				EE3D65AF26FF6E4300C7DF27 /* ContentView.swift in Sources */,
				EE3D65CB26FF881700C7DF27 /* PokemonCardApiResponse.swift in Sources */,
				EE3D65C726FF86B200C7DF27 /* PokemonCardViewModel.swift in Sources */,
				EE3D65AD26FF6E4300C7DF27 /* PokecardsApp.swift in Sources */,
			);
			runOnlyForDeploymentPostprocessing = 0;
		};
/* End PBXSourcesBuildPhase section */

/* Begin XCBuildConfiguration section */
		EE3D65B526FF6E4500C7DF27 /* Debug */ = {
			isa = XCBuildConfiguration;
			buildSettings = {
				ALWAYS_SEARCH_USER_PATHS = NO;
				CLANG_ANALYZER_NONNULL = YES;
				CLANG_ANALYZER_NUMBER_OBJECT_CONVERSION = YES_AGGRESSIVE;
				CLANG_CXX_LANGUAGE_STANDARD = "gnu++17";
				CLANG_CXX_LIBRARY = "libc++";
				CLANG_ENABLE_MODULES = YES;
				CLANG_ENABLE_OBJC_ARC = YES;
				CLANG_ENABLE_OBJC_WEAK = YES;
				CLANG_WARN_BLOCK_CAPTURE_AUTORELEASING = YES;
				CLANG_WARN_BOOL_CONVERSION = YES;
				CLANG_WARN_COMMA = YES;
				CLANG_WARN_CONSTANT_CONVERSION = YES;
				CLANG_WARN_DEPRECATED_OBJC_IMPLEMENTATIONS = YES;
				CLANG_WARN_DIRECT_OBJC_ISA_USAGE = YES_ERROR;
				CLANG_WARN_DOCUMENTATION_COMMENTS = YES;
				CLANG_WARN_EMPTY_BODY = YES;
				CLANG_WARN_ENUM_CONVERSION = YES;
				CLANG_WARN_INFINITE_RECURSION = YES;
				CLANG_WARN_INT_CONVERSION = YES;
				CLANG_WARN_NON_LITERAL_NULL_CONVERSION = YES;
				CLANG_WARN_OBJC_IMPLICIT_RETAIN_SELF = YES;
				CLANG_WARN_OBJC_LITERAL_CONVERSION = YES;
				CLANG_WARN_OBJC_ROOT_CLASS = YES_ERROR;
				CLANG_WARN_QUOTED_INCLUDE_IN_FRAMEWORK_HEADER = YES;
				CLANG_WARN_RANGE_LOOP_ANALYSIS = YES;
				CLANG_WARN_STRICT_PROTOTYPES = YES;
				CLANG_WARN_SUSPICIOUS_MOVE = YES;
				CLANG_WARN_UNGUARDED_AVAILABILITY = YES_AGGRESSIVE;
				CLANG_WARN_UNREACHABLE_CODE = YES;
				CLANG_WARN__DUPLICATE_METHOD_MATCH = YES;
				COPY_PHASE_STRIP = NO;
				DEBUG_INFORMATION_FORMAT = dwarf;
				ENABLE_STRICT_OBJC_MSGSEND = YES;
				ENABLE_TESTABILITY = YES;
				GCC_C_LANGUAGE_STANDARD = gnu11;
				GCC_DYNAMIC_NO_PIC = NO;
				GCC_NO_COMMON_BLOCKS = YES;
				GCC_OPTIMIZATION_LEVEL = 0;
				GCC_PREPROCESSOR_DEFINITIONS = (
					"DEBUG=1",
					"$(inherited)",
				);
				GCC_WARN_64_TO_32_BIT_CONVERSION = YES;
				GCC_WARN_ABOUT_RETURN_TYPE = YES_ERROR;
				GCC_WARN_UNDECLARED_SELECTOR = YES;
				GCC_WARN_UNINITIALIZED_AUTOS = YES_AGGRESSIVE;
				GCC_WARN_UNUSED_FUNCTION = YES;
				GCC_WARN_UNUSED_VARIABLE = YES;
				IPHONEOS_DEPLOYMENT_TARGET = 15.0;
				MTL_ENABLE_DEBUG_INFO = INCLUDE_SOURCE;
				MTL_FAST_MATH = YES;
				ONLY_ACTIVE_ARCH = YES;
				SDKROOT = iphoneos;
				SWIFT_ACTIVE_COMPILATION_CONDITIONS = DEBUG;
				SWIFT_OPTIMIZATION_LEVEL = "-Onone";
			};
			name = Debug;
		};
		EE3D65B626FF6E4500C7DF27 /* Release */ = {
			isa = XCBuildConfiguration;
			buildSettings = {
				ALWAYS_SEARCH_USER_PATHS = NO;
				CLANG_ANALYZER_NONNULL = YES;
				CLANG_ANALYZER_NUMBER_OBJECT_CONVERSION = YES_AGGRESSIVE;
				CLANG_CXX_LANGUAGE_STANDARD = "gnu++17";
				CLANG_CXX_LIBRARY = "libc++";
				CLANG_ENABLE_MODULES = YES;
				CLANG_ENABLE_OBJC_ARC = YES;
				CLANG_ENABLE_OBJC_WEAK = YES;
				CLANG_WARN_BLOCK_CAPTURE_AUTORELEASING = YES;
				CLANG_WARN_BOOL_CONVERSION = YES;
				CLANG_WARN_COMMA = YES;
				CLANG_WARN_CONSTANT_CONVERSION = YES;
				CLANG_WARN_DEPRECATED_OBJC_IMPLEMENTATIONS = YES;
				CLANG_WARN_DIRECT_OBJC_ISA_USAGE = YES_ERROR;
				CLANG_WARN_DOCUMENTATION_COMMENTS = YES;
				CLANG_WARN_EMPTY_BODY = YES;
				CLANG_WARN_ENUM_CONVERSION = YES;
				CLANG_WARN_INFINITE_RECURSION = YES;
				CLANG_WARN_INT_CONVERSION = YES;
				CLANG_WARN_NON_LITERAL_NULL_CONVERSION = YES;
				CLANG_WARN_OBJC_IMPLICIT_RETAIN_SELF = YES;
				CLANG_WARN_OBJC_LITERAL_CONVERSION = YES;
				CLANG_WARN_OBJC_ROOT_CLASS = YES_ERROR;
				CLANG_WARN_QUOTED_INCLUDE_IN_FRAMEWORK_HEADER = YES;
				CLANG_WARN_RANGE_LOOP_ANALYSIS = YES;
				CLANG_WARN_STRICT_PROTOTYPES = YES;
				CLANG_WARN_SUSPICIOUS_MOVE = YES;
				CLANG_WARN_UNGUARDED_AVAILABILITY = YES_AGGRESSIVE;
				CLANG_WARN_UNREACHABLE_CODE = YES;
				CLANG_WARN__DUPLICATE_METHOD_MATCH = YES;
				COPY_PHASE_STRIP = NO;
				DEBUG_INFORMATION_FORMAT = "dwarf-with-dsym";
				ENABLE_NS_ASSERTIONS = NO;
				ENABLE_STRICT_OBJC_MSGSEND = YES;
				GCC_C_LANGUAGE_STANDARD = gnu11;
				GCC_NO_COMMON_BLOCKS = YES;
				GCC_WARN_64_TO_32_BIT_CONVERSION = YES;
				GCC_WARN_ABOUT_RETURN_TYPE = YES_ERROR;
				GCC_WARN_UNDECLARED_SELECTOR = YES;
				GCC_WARN_UNINITIALIZED_AUTOS = YES_AGGRESSIVE;
				GCC_WARN_UNUSED_FUNCTION = YES;
				GCC_WARN_UNUSED_VARIABLE = YES;
				IPHONEOS_DEPLOYMENT_TARGET = 15.0;
				MTL_ENABLE_DEBUG_INFO = NO;
				MTL_FAST_MATH = YES;
				SDKROOT = iphoneos;
				SWIFT_COMPILATION_MODE = wholemodule;
				SWIFT_OPTIMIZATION_LEVEL = "-O";
				VALIDATE_PRODUCT = YES;
			};
			name = Release;
		};
		EE3D65B826FF6E4500C7DF27 /* Debug */ = {
			isa = XCBuildConfiguration;
			buildSettings = {
				ASSETCATALOG_COMPILER_APPICON_NAME = AppIcon;
				ASSETCATALOG_COMPILER_GLOBAL_ACCENT_COLOR_NAME = AccentColor;
				CODE_SIGN_STYLE = Automatic;
				CURRENT_PROJECT_VERSION = 1;
				DEVELOPMENT_ASSET_PATHS = "\"Pokecards/Preview Content\"";
				ENABLE_PREVIEWS = YES;
				GENERATE_INFOPLIST_FILE = YES;
				INFOPLIST_KEY_UIApplicationSceneManifest_Generation = YES;
				INFOPLIST_KEY_UIApplicationSupportsIndirectInputEvents = YES;
				INFOPLIST_KEY_UILaunchScreen_Generation = YES;
				INFOPLIST_KEY_UISupportedInterfaceOrientations_iPad = "UIInterfaceOrientationPortrait UIInterfaceOrientationPortraitUpsideDown UIInterfaceOrientationLandscapeLeft UIInterfaceOrientationLandscapeRight";
				INFOPLIST_KEY_UISupportedInterfaceOrientations_iPhone = "UIInterfaceOrientationPortrait UIInterfaceOrientationLandscapeLeft UIInterfaceOrientationLandscapeRight";
				IPHONEOS_DEPLOYMENT_TARGET = 14.0;
				LD_RUNPATH_SEARCH_PATHS = (
					"$(inherited)",
					"@executable_path/Frameworks",
				);
				MARKETING_VERSION = 1.0;
				PRODUCT_BUNDLE_IDENTIFIER = com.cenfotec.move02.labz.Pokecards;
				PRODUCT_NAME = "$(TARGET_NAME)";
				SWIFT_EMIT_LOC_STRINGS = YES;
				SWIFT_VERSION = 5.0;
				TARGETED_DEVICE_FAMILY = "1,2";
			};
			name = Debug;
		};
		EE3D65B926FF6E4500C7DF27 /* Release */ = {
			isa = XCBuildConfiguration;
			buildSettings = {
				ASSETCATALOG_COMPILER_APPICON_NAME = AppIcon;
				ASSETCATALOG_COMPILER_GLOBAL_ACCENT_COLOR_NAME = AccentColor;
				CODE_SIGN_STYLE = Automatic;
				CURRENT_PROJECT_VERSION = 1;
				DEVELOPMENT_ASSET_PATHS = "\"Pokecards/Preview Content\"";
				ENABLE_PREVIEWS = YES;
				GENERATE_INFOPLIST_FILE = YES;
				INFOPLIST_KEY_UIApplicationSceneManifest_Generation = YES;
				INFOPLIST_KEY_UIApplicationSupportsIndirectInputEvents = YES;
				INFOPLIST_KEY_UILaunchScreen_Generation = YES;
				INFOPLIST_KEY_UISupportedInterfaceOrientations_iPad = "UIInterfaceOrientationPortrait UIInterfaceOrientationPortraitUpsideDown UIInterfaceOrientationLandscapeLeft UIInterfaceOrientationLandscapeRight";
				INFOPLIST_KEY_UISupportedInterfaceOrientations_iPhone = "UIInterfaceOrientationPortrait UIInterfaceOrientationLandscapeLeft UIInterfaceOrientationLandscapeRight";
				IPHONEOS_DEPLOYMENT_TARGET = 14.0;
				LD_RUNPATH_SEARCH_PATHS = (
					"$(inherited)",
					"@executable_path/Frameworks",
				);
				MARKETING_VERSION = 1.0;
				PRODUCT_BUNDLE_IDENTIFIER = com.cenfotec.move02.labz.Pokecards;
				PRODUCT_NAME = "$(TARGET_NAME)";
				SWIFT_EMIT_LOC_STRINGS = YES;
				SWIFT_VERSION = 5.0;
				TARGETED_DEVICE_FAMILY = "1,2";
			};
			name = Release;
		};
/* End XCBuildConfiguration section */

/* Begin XCConfigurationList section */
		EE3D65A426FF6E4300C7DF27 /* Build configuration list for PBXProject "Pokecards" */ = {
			isa = XCConfigurationList;
			buildConfigurations = (
				EE3D65B526FF6E4500C7DF27 /* Debug */,
				EE3D65B626FF6E4500C7DF27 /* Release */,
			);
			defaultConfigurationIsVisible = 0;
			defaultConfigurationName = Release;
		};
		EE3D65B726FF6E4500C7DF27 /* Build configuration list for PBXNativeTarget "Pokecards" */ = {
			isa = XCConfigurationList;
			buildConfigurations = (
				EE3D65B826FF6E4500C7DF27 /* Debug */,
				EE3D65B926FF6E4500C7DF27 /* Release */,
			);
			defaultConfigurationIsVisible = 0;
			defaultConfigurationName = Release;
		};
/* End XCConfigurationList section */

/* Begin XCRemoteSwiftPackageReference section */
		EE3D65C126FF768700C7DF27 /* XCRemoteSwiftPackageReference "Kingfisher" */ = {
			isa = XCRemoteSwiftPackageReference;
			repositoryURL = "https://github.com/onevcat/Kingfisher.git";
			requirement = {
				kind = upToNextMajorVersion;
				minimumVersion = 7.0.0;
			};
		};
/* End XCRemoteSwiftPackageReference section */

/* Begin XCSwiftPackageProductDependency section */
		EE3D65C226FF768700C7DF27 /* Kingfisher */ = {
			isa = XCSwiftPackageProductDependency;
			package = EE3D65C126FF768700C7DF27 /* XCRemoteSwiftPackageReference "Kingfisher" */;
			productName = Kingfisher;
		};
/* End XCSwiftPackageProductDependency section */
	};
	rootObject = EE3D65A126FF6E4300C7DF27 /* Project object */;
}
